Microsoft Visual Studio Solution File, Format Version 11.00
# Visual Studio 2008

Project("{077404B4-6D65-1F96-996D-F123D7EE1045}") = "VR Testing", "Assembly-CSharp-firstpass.csproj", "{6D7F7BCA-DF09-7E91-7B41-95F157BFE2B7}"
EndProject
Project("{077404B4-6D65-1F96-996D-F123D7EE1045}") = "VR Testing", "Assembly-CSharp.csproj", "{04FCD5FD-3E29-573D-01F5-86EC94F9E7EF}"
EndProject
Project("{077404B4-6D65-1F96-996D-F123D7EE1045}") = "VR Testing", "Assembly-CSharp-Editor.csproj", "{7FD1D15E-A228-721B-25F2-349D55C02AEB}"
EndProject
Global
	GlobalSection(SolutionConfigurationPlatforms) = preSolution
		Debug|Any CPU = Debug|Any CPU
		Release|Any CPU = Release|Any CPU
	EndGlobalSection
	GlobalSection(ProjectConfigurationPlatforms) = postSolution
		{6D7F7BCA-DF09-7E91-7B41-95F157BFE2B7}.Debug|Any CPU.ActiveCfg = Debug|Any CPU
		{6D7F7BCA-DF09-7E91-7B41-95F157BFE2B7}.Debug|Any CPU.Build.0 = Debug|Any CPU
		{6D7F7BCA-DF09-7E91-7B41-95F157BFE2B7}.Release|Any CPU.ActiveCfg = Release|Any CPU
		{6D7F7BCA-DF09-7E91-7B41-95F157BFE2B7}.Release|Any CPU.Build.0 = Release|Any CPU
		{04FCD5FD-3E29-573D-01F5-86EC94F9E7EF}.Debug|Any CPU.ActiveCfg = Debug|Any CPU
		{04FCD5FD-3E29-573D-01F5-86EC94F9E7EF}.Debug|Any CPU.Build.0 = Debug|Any CPU
		{04FCD5FD-3E29-573D-01F5-86EC94F9E7EF}.Release|Any CPU.ActiveCfg = Release|Any CPU
		{04FCD5FD-3E29-573D-01F5-86EC94F9E7EF}.Release|Any CPU.Build.0 = Release|Any CPU
		{7FD1D15E-A228-721B-25F2-349D55C02AEB}.Debug|Any CPU.ActiveCfg = Debug|Any CPU
		{7FD1D15E-A228-721B-25F2-349D55C02AEB}.Debug|Any CPU.Build.0 = Debug|Any CPU
		{7FD1D15E-A228-721B-25F2-349D55C02AEB}.Release|Any CPU.ActiveCfg = Release|Any CPU
		{7FD1D15E-A228-721B-25F2-349D55C02AEB}.Release|Any CPU.Build.0 = Release|Any CPU
	EndGlobalSection
	GlobalSection(SolutionProperties) = preSolution
		HideSolutionNode = FALSE
	EndGlobalSection
										GlobalSection(MonoDevelopProperties) = preSolution
		StartupItem = Assembly-CSharp.csproj
		Policies = $0
		$0.TextStylePolicy = $1
		$1.inheritsSet = null
		$1.scope = text/x-csharp
		$0.CSharpFormattingPolicy = $2
		$2.inheritsSet = Mono
		$2.inheritsScope = text/x-csharp
		$2.scope = text/x-csharp
		$0.TextStylePolicy = $3
		$3.FileWidth = 120
		$3.TabWidth = 4
		$3.IndentWidth = 4
		$3.EolMarker = Unix
		$3.inheritsSet = Mono
		$3.inheritsScope = text/plain
		$3.scope = text/plain
	EndGlobalSection

EndGlobal
